// !$*UTF8*$!
{
	archiveVersion = 1;
	classes = {
	};
	objectVersion = 56;
	objects = {

/* Begin PBXBuildFile section */
		4304BC382988F8C1003168BE /* DDAYCell.swift in Sources */ = {isa = PBXBuildFile; fileRef = 4304BC372988F8C1003168BE /* DDAYCell.swift */; };
		4323CD5929A32FCC008B75A8 /* DdayInfo.swift in Sources */ = {isa = PBXBuildFile; fileRef = 4323CD5829A32FCC008B75A8 /* DdayInfo.swift */; };
		4323CD5C29A330E3008B75A8 /* EditViewController.swift in Sources */ = {isa = PBXBuildFile; fileRef = 4323CD5B29A330E3008B75A8 /* EditViewController.swift */; };
		4338D54B298945D100AB3F54 /* UserDefaultsExtension.swift in Sources */ = {isa = PBXBuildFile; fileRef = 4338D54A298945D100AB3F54 /* UserDefaultsExtension.swift */; };
		437BB28929A352FA002BB251 /* DDAYCell.xib in Resources */ = {isa = PBXBuildFile; fileRef = 437BB28829A352FA002BB251 /* DDAYCell.xib */; };
		437C83142972719C00F886FB /* AppDelegate.swift in Sources */ = {isa = PBXBuildFile; fileRef = 437C83132972719C00F886FB /* AppDelegate.swift */; };
		437C83162972719C00F886FB /* SceneDelegate.swift in Sources */ = {isa = PBXBuildFile; fileRef = 437C83152972719C00F886FB /* SceneDelegate.swift */; };
		437C83182972719C00F886FB /* ViewController.swift in Sources */ = {isa = PBXBuildFile; fileRef = 437C83172972719C00F886FB /* ViewController.swift */; };
		437C831D297271A200F886FB /* Assets.xcassets in Resources */ = {isa = PBXBuildFile; fileRef = 437C831C297271A200F886FB /* Assets.xcassets */; };
		437C832B297271A400F886FB /* D_DAYTests.swift in Sources */ = {isa = PBXBuildFile; fileRef = 437C832A297271A400F886FB /* D_DAYTests.swift */; };
		437C8335297271A400F886FB /* D_DAYUITests.swift in Sources */ = {isa = PBXBuildFile; fileRef = 437C8334297271A400F886FB /* D_DAYUITests.swift */; };
		437C8337297271A400F886FB /* D_DAYUITestsLaunchTests.swift in Sources */ = {isa = PBXBuildFile; fileRef = 437C8336297271A400F886FB /* D_DAYUITestsLaunchTests.swift */; };
		43998A4429A517C20001BC11 /* LaunchScreen.storyboard in Resources */ = {isa = PBXBuildFile; fileRef = 43998A4129A517C10001BC11 /* LaunchScreen.storyboard */; };
		43998A4529A517C20001BC11 /* MainEdit.storyboard in Resources */ = {isa = PBXBuildFile; fileRef = 43998A4229A517C10001BC11 /* MainEdit.storyboard */; };
		43998A4629A517C20001BC11 /* Main.storyboard in Resources */ = {isa = PBXBuildFile; fileRef = 43998A4329A517C20001BC11 /* Main.storyboard */; };
		B30B8C3B297BE15A00F8813B /* ColorWellCell.swift in Sources */ = {isa = PBXBuildFile; fileRef = B30B8C3A297BE15A00F8813B /* ColorWellCell.swift */; };
		B349285E2977DD920009C901 /* ModalAdd.storyboard in Resources */ = {isa = PBXBuildFile; fileRef = B349285D2977DD920009C901 /* ModalAdd.storyboard */; };
		B34928602977DD980009C901 /* AddViewController.swift in Sources */ = {isa = PBXBuildFile; fileRef = B349285F2977DD980009C901 /* AddViewController.swift */; };
		B38A475F2986A57F0088DC56 /* Inter-Bold.otf in Resources */ = {isa = PBXBuildFile; fileRef = B38A475E2986A57F0088DC56 /* Inter-Bold.otf */; };
		B38A476129875CA00088DC56 /* Color.swift in Sources */ = {isa = PBXBuildFile; fileRef = B38A476029875CA00088DC56 /* Color.swift */; };
		B38A4763298B9B250088DC56 /* DdayInfo.swift in Sources */ = {isa = PBXBuildFile; fileRef = B38A4762298B9B240088DC56 /* DdayInfo.swift */; };
		B38A4765298CDC3A0088DC56 /* Inter-Medium.otf in Resources */ = {isa = PBXBuildFile; fileRef = B38A4764298CDC3A0088DC56 /* Inter-Medium.otf */; };
		B38A4767298D0F180088DC56 /* Inter-ExtraBold.otf in Resources */ = {isa = PBXBuildFile; fileRef = B38A4766298D0F180088DC56 /* Inter-ExtraBold.otf */; };
		B39BBFCD297A7FA3001D408A /* ModalAddMultiSection.swift in Sources */ = {isa = PBXBuildFile; fileRef = B39BBFCC297A7FA3001D408A /* ModalAddMultiSection.swift */; };
		B39BBFCF297A85DC001D408A /* DatePickerCell.swift in Sources */ = {isa = PBXBuildFile; fileRef = B39BBFCE297A85DC001D408A /* DatePickerCell.swift */; };
		B39BBFD1297A8609001D408A /* TextFieldCell.swift in Sources */ = {isa = PBXBuildFile; fileRef = B39BBFD0297A8609001D408A /* TextFieldCell.swift */; };
		B3C356022994F67600CA01EE /* WidgetKit.framework in Frameworks */ = {isa = PBXBuildFile; fileRef = B38A476E298E1FF80088DC56 /* WidgetKit.framework */; };
		B3C356032994F67600CA01EE /* SwiftUI.framework in Frameworks */ = {isa = PBXBuildFile; fileRef = B38A4770298E1FF90088DC56 /* SwiftUI.framework */; };
		B3C356062994F67600CA01EE /* D_DAYWidgetBundle.swift in Sources */ = {isa = PBXBuildFile; fileRef = B3C356052994F67600CA01EE /* D_DAYWidgetBundle.swift */; };
		B3C356082994F67600CA01EE /* D_DAYWidget.swift in Sources */ = {isa = PBXBuildFile; fileRef = B3C356072994F67600CA01EE /* D_DAYWidget.swift */; };
		B3C3560B2994F67700CA01EE /* Assets.xcassets in Resources */ = {isa = PBXBuildFile; fileRef = B3C3560A2994F67700CA01EE /* Assets.xcassets */; };
		B3C3560D2994F67700CA01EE /* D_DAYWidget.intentdefinition in Sources */ = {isa = PBXBuildFile; fileRef = B3C356092994F67600CA01EE /* D_DAYWidget.intentdefinition */; };
		B3C3560E2994F67700CA01EE /* D_DAYWidget.intentdefinition in Sources */ = {isa = PBXBuildFile; fileRef = B3C356092994F67600CA01EE /* D_DAYWidget.intentdefinition */; };
		B3C356112994F67700CA01EE /* D-DAYWidgetExtension.appex in Embed Foundation Extensions */ = {isa = PBXBuildFile; fileRef = B3C356012994F67600CA01EE /* D-DAYWidgetExtension.appex */; settings = {ATTRIBUTES = (RemoveHeadersOnCopy, ); }; };
/* End PBXBuildFile section */

/* Begin PBXContainerItemProxy section */
		437C8327297271A400F886FB /* PBXContainerItemProxy */ = {
			isa = PBXContainerItemProxy;
			containerPortal = 437C83082972719C00F886FB /* Project object */;
			proxyType = 1;
			remoteGlobalIDString = 437C830F2972719C00F886FB;
			remoteInfo = "D-DAY";
		};
		437C8331297271A400F886FB /* PBXContainerItemProxy */ = {
			isa = PBXContainerItemProxy;
			containerPortal = 437C83082972719C00F886FB /* Project object */;
			proxyType = 1;
			remoteGlobalIDString = 437C830F2972719C00F886FB;
			remoteInfo = "D-DAY";
		};
		B3C3560F2994F67700CA01EE /* PBXContainerItemProxy */ = {
			isa = PBXContainerItemProxy;
			containerPortal = 437C83082972719C00F886FB /* Project object */;
			proxyType = 1;
			remoteGlobalIDString = B3C356002994F67600CA01EE;
			remoteInfo = "D-DAYWidgetExtension";
		};
/* End PBXContainerItemProxy section */

/* Begin PBXCopyFilesBuildPhase section */
		B38A4783298E1FFA0088DC56 /* Embed Foundation Extensions */ = {
			isa = PBXCopyFilesBuildPhase;
			buildActionMask = 2147483647;
			dstPath = "";
			dstSubfolderSpec = 13;
			files = (
				B3C356112994F67700CA01EE /* D-DAYWidgetExtension.appex in Embed Foundation Extensions */,
			);
			name = "Embed Foundation Extensions";
			runOnlyForDeploymentPostprocessing = 0;
		};
/* End PBXCopyFilesBuildPhase section */

/* Begin PBXFileReference section */
		4304BC372988F8C1003168BE /* DDAYCell.swift */ = {isa = PBXFileReference; fileEncoding = 4; lastKnownFileType = sourcecode.swift; path = DDAYCell.swift; sourceTree = "<group>"; };
		4323CD5829A32FCC008B75A8 /* DdayInfo.swift */ = {isa = PBXFileReference; fileEncoding = 4; lastKnownFileType = sourcecode.swift; path = DdayInfo.swift; sourceTree = "<group>"; };
		4323CD5B29A330E3008B75A8 /* EditViewController.swift */ = {isa = PBXFileReference; fileEncoding = 4; lastKnownFileType = sourcecode.swift; path = EditViewController.swift; sourceTree = "<group>"; };
		4338D54A298945D100AB3F54 /* UserDefaultsExtension.swift */ = {isa = PBXFileReference; lastKnownFileType = sourcecode.swift; path = UserDefaultsExtension.swift; sourceTree = "<group>"; };
		437BB28829A352FA002BB251 /* DDAYCell.xib */ = {isa = PBXFileReference; fileEncoding = 4; lastKnownFileType = file.xib; path = DDAYCell.xib; sourceTree = "<group>"; };
		437C83102972719C00F886FB /* D-DAY.app */ = {isa = PBXFileReference; explicitFileType = wrapper.application; includeInIndex = 0; path = "D-DAY.app"; sourceTree = BUILT_PRODUCTS_DIR; };
		437C83132972719C00F886FB /* AppDelegate.swift */ = {isa = PBXFileReference; lastKnownFileType = sourcecode.swift; path = AppDelegate.swift; sourceTree = "<group>"; };
		437C83152972719C00F886FB /* SceneDelegate.swift */ = {isa = PBXFileReference; lastKnownFileType = sourcecode.swift; path = SceneDelegate.swift; sourceTree = "<group>"; };
		437C83172972719C00F886FB /* ViewController.swift */ = {isa = PBXFileReference; lastKnownFileType = sourcecode.swift; path = ViewController.swift; sourceTree = "<group>"; };
		437C831C297271A200F886FB /* Assets.xcassets */ = {isa = PBXFileReference; lastKnownFileType = folder.assetcatalog; path = Assets.xcassets; sourceTree = "<group>"; };
		437C8321297271A300F886FB /* Info.plist */ = {isa = PBXFileReference; lastKnownFileType = text.plist.xml; path = Info.plist; sourceTree = "<group>"; };
		437C8326297271A400F886FB /* D-DAYTests.xctest */ = {isa = PBXFileReference; explicitFileType = wrapper.cfbundle; includeInIndex = 0; path = "D-DAYTests.xctest"; sourceTree = BUILT_PRODUCTS_DIR; };
		437C832A297271A400F886FB /* D_DAYTests.swift */ = {isa = PBXFileReference; lastKnownFileType = sourcecode.swift; path = D_DAYTests.swift; sourceTree = "<group>"; };
		437C8330297271A400F886FB /* D-DAYUITests.xctest */ = {isa = PBXFileReference; explicitFileType = wrapper.cfbundle; includeInIndex = 0; path = "D-DAYUITests.xctest"; sourceTree = BUILT_PRODUCTS_DIR; };
		437C8334297271A400F886FB /* D_DAYUITests.swift */ = {isa = PBXFileReference; lastKnownFileType = sourcecode.swift; path = D_DAYUITests.swift; sourceTree = "<group>"; };
		437C8336297271A400F886FB /* D_DAYUITestsLaunchTests.swift */ = {isa = PBXFileReference; lastKnownFileType = sourcecode.swift; path = D_DAYUITestsLaunchTests.swift; sourceTree = "<group>"; };
		43998A4129A517C10001BC11 /* LaunchScreen.storyboard */ = {isa = PBXFileReference; fileEncoding = 4; lastKnownFileType = file.storyboard; path = LaunchScreen.storyboard; sourceTree = "<group>"; };
		43998A4229A517C10001BC11 /* MainEdit.storyboard */ = {isa = PBXFileReference; fileEncoding = 4; lastKnownFileType = file.storyboard; path = MainEdit.storyboard; sourceTree = "<group>"; };
		43998A4329A517C20001BC11 /* Main.storyboard */ = {isa = PBXFileReference; fileEncoding = 4; lastKnownFileType = file.storyboard; path = Main.storyboard; sourceTree = "<group>"; };
		43AA636C298E1A1D0091B6A0 /* WidgetKit.framework */ = {isa = PBXFileReference; lastKnownFileType = wrapper.framework; name = WidgetKit.framework; path = System/Library/Frameworks/WidgetKit.framework; sourceTree = SDKROOT; };
		43AA636E298E1A1E0091B6A0 /* SwiftUI.framework */ = {isa = PBXFileReference; lastKnownFileType = wrapper.framework; name = SwiftUI.framework; path = System/Library/Frameworks/SwiftUI.framework; sourceTree = SDKROOT; };
		43F94E0A299C914800F99CCC /* Intents.framework */ = {isa = PBXFileReference; lastKnownFileType = wrapper.framework; name = Intents.framework; path = System/Library/Frameworks/Intents.framework; sourceTree = SDKROOT; };
		43F94E18299C9D0C00F99CCC /* DdayWIdgetExtension.entitlements */ = {isa = PBXFileReference; lastKnownFileType = text.plist.entitlements; path = DdayWIdgetExtension.entitlements; sourceTree = "<group>"; };
		43F94E19299C9D2200F99CCC /* D-DAY.entitlements */ = {isa = PBXFileReference; lastKnownFileType = text.plist.entitlements; path = "D-DAY.entitlements"; sourceTree = "<group>"; };
		B30B8C3A297BE15A00F8813B /* ColorWellCell.swift */ = {isa = PBXFileReference; lastKnownFileType = sourcecode.swift; path = ColorWellCell.swift; sourceTree = "<group>"; };
		B349285D2977DD920009C901 /* ModalAdd.storyboard */ = {isa = PBXFileReference; fileEncoding = 4; lastKnownFileType = file.storyboard; path = ModalAdd.storyboard; sourceTree = "<group>"; };
		B349285F2977DD980009C901 /* AddViewController.swift */ = {isa = PBXFileReference; fileEncoding = 4; lastKnownFileType = sourcecode.swift; path = AddViewController.swift; sourceTree = "<group>"; };
		B34928612977DDB50009C901 /* Main.storyboard */ = {isa = PBXFileReference; fileEncoding = 4; lastKnownFileType = file.storyboard; path = Main.storyboard; sourceTree = "<group>"; };
		B38A475E2986A57F0088DC56 /* Inter-Bold.otf */ = {isa = PBXFileReference; lastKnownFileType = file; path = "Inter-Bold.otf"; sourceTree = "<group>"; };
		B38A476029875CA00088DC56 /* Color.swift */ = {isa = PBXFileReference; lastKnownFileType = sourcecode.swift; path = Color.swift; sourceTree = "<group>"; };
		B38A4762298B9B240088DC56 /* DdayInfo.swift */ = {isa = PBXFileReference; fileEncoding = 4; lastKnownFileType = sourcecode.swift; path = DdayInfo.swift; sourceTree = "<group>"; };
		B38A4764298CDC3A0088DC56 /* Inter-Medium.otf */ = {isa = PBXFileReference; lastKnownFileType = file; path = "Inter-Medium.otf"; sourceTree = "<group>"; };
		B38A4766298D0F180088DC56 /* Inter-ExtraBold.otf */ = {isa = PBXFileReference; lastKnownFileType = file; path = "Inter-ExtraBold.otf"; sourceTree = "<group>"; };
		B38A476E298E1FF80088DC56 /* WidgetKit.framework */ = {isa = PBXFileReference; lastKnownFileType = wrapper.framework; name = WidgetKit.framework; path = System/Library/Frameworks/WidgetKit.framework; sourceTree = SDKROOT; };
		B38A4770298E1FF90088DC56 /* SwiftUI.framework */ = {isa = PBXFileReference; lastKnownFileType = wrapper.framework; name = SwiftUI.framework; path = System/Library/Frameworks/SwiftUI.framework; sourceTree = SDKROOT; };
		B38A478B298E2A1E0088DC56 /* Intents.framework */ = {isa = PBXFileReference; lastKnownFileType = wrapper.framework; name = Intents.framework; path = System/Library/Frameworks/Intents.framework; sourceTree = SDKROOT; };
		B38A4796298E2A1F0088DC56 /* IntentsUI.framework */ = {isa = PBXFileReference; lastKnownFileType = wrapper.framework; name = IntentsUI.framework; path = System/Library/Frameworks/IntentsUI.framework; sourceTree = SDKROOT; };
		B39BBFCC297A7FA3001D408A /* ModalAddMultiSection.swift */ = {isa = PBXFileReference; lastKnownFileType = sourcecode.swift; path = ModalAddMultiSection.swift; sourceTree = "<group>"; };
		B39BBFCE297A85DC001D408A /* DatePickerCell.swift */ = {isa = PBXFileReference; lastKnownFileType = sourcecode.swift; path = DatePickerCell.swift; sourceTree = "<group>"; };
		B39BBFD0297A8609001D408A /* TextFieldCell.swift */ = {isa = PBXFileReference; fileEncoding = 4; lastKnownFileType = sourcecode.swift; path = TextFieldCell.swift; sourceTree = "<group>"; };
		B3C356012994F67600CA01EE /* D-DAYWidgetExtension.appex */ = {isa = PBXFileReference; explicitFileType = "wrapper.app-extension"; includeInIndex = 0; path = "D-DAYWidgetExtension.appex"; sourceTree = BUILT_PRODUCTS_DIR; };
		B3C356052994F67600CA01EE /* D_DAYWidgetBundle.swift */ = {isa = PBXFileReference; lastKnownFileType = sourcecode.swift; path = D_DAYWidgetBundle.swift; sourceTree = "<group>"; };
		B3C356072994F67600CA01EE /* D_DAYWidget.swift */ = {isa = PBXFileReference; lastKnownFileType = sourcecode.swift; path = D_DAYWidget.swift; sourceTree = "<group>"; };
		B3C356092994F67600CA01EE /* D_DAYWidget.intentdefinition */ = {isa = PBXFileReference; lastKnownFileType = file.intentdefinition; path = D_DAYWidget.intentdefinition; sourceTree = "<group>"; };
		B3C3560A2994F67700CA01EE /* Assets.xcassets */ = {isa = PBXFileReference; lastKnownFileType = folder.assetcatalog; path = Assets.xcassets; sourceTree = "<group>"; };
		B3C3560C2994F67700CA01EE /* Info.plist */ = {isa = PBXFileReference; lastKnownFileType = text.plist.xml; path = Info.plist; sourceTree = "<group>"; };
/* End PBXFileReference section */

/* Begin PBXFrameworksBuildPhase section */
		437C830D2972719C00F886FB /* Frameworks */ = {
			isa = PBXFrameworksBuildPhase;
			buildActionMask = 2147483647;
			files = (
			);
			runOnlyForDeploymentPostprocessing = 0;
		};
		437C8323297271A400F886FB /* Frameworks */ = {
			isa = PBXFrameworksBuildPhase;
			buildActionMask = 2147483647;
			files = (
			);
			runOnlyForDeploymentPostprocessing = 0;
		};
		437C832D297271A400F886FB /* Frameworks */ = {
			isa = PBXFrameworksBuildPhase;
			buildActionMask = 2147483647;
			files = (
			);
			runOnlyForDeploymentPostprocessing = 0;
		};
		B3C355FE2994F67600CA01EE /* Frameworks */ = {
			isa = PBXFrameworksBuildPhase;
			buildActionMask = 2147483647;
			files = (
				B3C356032994F67600CA01EE /* SwiftUI.framework in Frameworks */,
				B3C356022994F67600CA01EE /* WidgetKit.framework in Frameworks */,
			);
			runOnlyForDeploymentPostprocessing = 0;
		};
/* End PBXFrameworksBuildPhase section */

/* Begin PBXGroup section */
		437C83072972719C00F886FB = {
			isa = PBXGroup;
			children = (
				43F94E18299C9D0C00F99CCC /* DdayWIdgetExtension.entitlements */,
				437C83122972719C00F886FB /* D-DAY */,
				437C8329297271A400F886FB /* D-DAYTests */,
				437C8333297271A400F886FB /* D-DAYUITests */,
				B3C356042994F67600CA01EE /* D-DAYWidget */,
				B38A476D298E1FF80088DC56 /* Frameworks */,
				437C83112972719C00F886FB /* Products */,
			);
			sourceTree = "<group>";
		};
		437C83112972719C00F886FB /* Products */ = {
			isa = PBXGroup;
			children = (
				437C83102972719C00F886FB /* D-DAY.app */,
				437C8326297271A400F886FB /* D-DAYTests.xctest */,
				437C8330297271A400F886FB /* D-DAYUITests.xctest */,
				B3C356012994F67600CA01EE /* D-DAYWidgetExtension.appex */,
			);
			name = Products;
			sourceTree = "<group>";
		};
		437C83122972719C00F886FB /* D-DAY */ = {
			isa = PBXGroup;
			children = (
				43F94E19299C9D2200F99CCC /* D-DAY.entitlements */,
				43C1E38929A9CEE0004FF0F6 /* Model */,
				43C1E38C29A9CF72004FF0F6 /* View */,
				43C1E38D29A9CF8C004FF0F6 /* Controller */,
				43C1E38E29A9D006004FF0F6 /* Font */,
				437C83132972719C00F886FB /* AppDelegate.swift */,
				437C83152972719C00F886FB /* SceneDelegate.swift */,
				437C831C297271A200F886FB /* Assets.xcassets */,
				437C8321297271A300F886FB /* Info.plist */,
				4338D54A298945D100AB3F54 /* UserDefaultsExtension.swift */,
			);
			path = "D-DAY";
			sourceTree = "<group>";
		};
		437C8329297271A400F886FB /* D-DAYTests */ = {
			isa = PBXGroup;
			children = (
				437C832A297271A400F886FB /* D_DAYTests.swift */,
			);
			path = "D-DAYTests";
			sourceTree = "<group>";
		};
		437C8333297271A400F886FB /* D-DAYUITests */ = {
			isa = PBXGroup;
			children = (
				437C8334297271A400F886FB /* D_DAYUITests.swift */,
				437C8336297271A400F886FB /* D_DAYUITestsLaunchTests.swift */,
			);
			path = "D-DAYUITests";
			sourceTree = "<group>";
		};
		B38A476D298E1FF80088DC56 /* Frameworks */ = {
			isa = PBXGroup;
			children = (
				B38A476E298E1FF80088DC56 /* WidgetKit.framework */,
				B38A4770298E1FF90088DC56 /* SwiftUI.framework */,
				B38A478B298E2A1E0088DC56 /* Intents.framework */,
				B38A4796298E2A1F0088DC56 /* IntentsUI.framework */,
			);
			name = Frameworks;
			sourceTree = "<group>";
		};
		B3C3049129A9CC1400AF2B33 /* Font */ = {
			isa = PBXGroup;
			children = (
				B38A4766298D0F180088DC56 /* Inter-ExtraBold.otf */,
				B38A4764298CDC3A0088DC56 /* Inter-Medium.otf */,
				B38A475E2986A57F0088DC56 /* Inter-Bold.otf */,
			);
			path = Font;
			sourceTree = "<group>";
		};
		B3C3049529A9CD7500AF2B33 /* Controller */ = {
			isa = PBXGroup;
			children = (
				B39BBFCC297A7FA3001D408A /* ModalAddMultiSection.swift */,
				B349285F2977DD980009C901 /* AddViewController.swift */,
				437C83172972719C00F886FB /* ViewController.swift */,
			);
			path = Controller;
			sourceTree = "<group>";
		};
		43C1E38C29A9CF72004FF0F6 /* View */ = {
		B3C3049629A9CDB400AF2B33 /* View */ = {
			isa = PBXGroup;
			children = (
				43998A4129A517C10001BC11 /* LaunchScreen.storyboard */,
				43998A4329A517C20001BC11 /* Main.storyboard */,
				43998A4229A517C10001BC11 /* MainEdit.storyboard */,
				43A612002984E02400219C7C /* LaunchScreen.storyboard */,
				B34928612977DDB50009C901 /* Main.storyboard */,
				B349285B2977DD850009C901 /* MainEdit.storyboard */,
				B349285D2977DD920009C901 /* ModalAdd.storyboard */,
			);
			path = View;
			sourceTree = "<group>";
		};
		43C1E38D29A9CF8C004FF0F6 /* Controller */ = {
		B3C3049829A9CDFD00AF2B33 /* Model */ = {
			isa = PBXGroup;
			children = (
				437C83172972719C00F886FB /* ViewController.swift */,
				4323CD5B29A330E3008B75A8 /* EditViewController.swift */,
				B349285F2977DD980009C901 /* AddViewController.swift */,
				B39BBFCC297A7FA3001D408A /* ModalAddMultiSection.swift */,
				B39BBFCE297A85DC001D408A /* DatePickerCell.swift */,
				B39BBFD0297A8609001D408A /* TextFieldCell.swift */,
				B30B8C3A297BE15A00F8813B /* ColorWellCell.swift */,
				B38A476029875CA00088DC56 /* Color.swift */,
				4304BC372988F8C1003168BE /* DDAYCell.swift */,
				4304BC392988F8C6003168BE /* DDAYCell.xib */,
				B38A4762298B9B240088DC56 /* DdayInfo.swift */,
			);
			path = Controller;
			path = Model;
			sourceTree = "<group>";
		};
		43C1E38E29A9D006004FF0F6 /* Font */ = {
		B3C356042994F67600CA01EE /* D-DAYWidget */ = {
			isa = PBXGroup;
			children = (
				B38A475E2986A57F0088DC56 /* Inter-Bold.otf */,
				B3C356052994F67600CA01EE /* D_DAYWidgetBundle.swift */,
				B3C356072994F67600CA01EE /* D_DAYWidget.swift */,
				B3C356092994F67600CA01EE /* D_DAYWidget.intentdefinition */,
				B3C3560A2994F67700CA01EE /* Assets.xcassets */,
				B3C3560C2994F67700CA01EE /* Info.plist */,
			);
			path = Font;
			path = "D-DAYWidget";
			sourceTree = "<group>";
		};
/* End PBXGroup section */

/* Begin PBXNativeTarget section */
		437C830F2972719C00F886FB /* D-DAY */ = {
			isa = PBXNativeTarget;
			buildConfigurationList = 437C833A297271A400F886FB /* Build configuration list for PBXNativeTarget "D-DAY" */;
			buildPhases = (
				437C830C2972719C00F886FB /* Sources */,
				437C830D2972719C00F886FB /* Frameworks */,
				437C830E2972719C00F886FB /* Resources */,
				B38A4783298E1FFA0088DC56 /* Embed Foundation Extensions */,
			);
			buildRules = (
			);
			dependencies = (
				B3C356102994F67700CA01EE /* PBXTargetDependency */,
			);
			name = "D-DAY";
			productName = "D-DAY";
			productReference = 437C83102972719C00F886FB /* D-DAY.app */;
			productType = "com.apple.product-type.application";
		};
		437C8325297271A400F886FB /* D-DAYTests */ = {
			isa = PBXNativeTarget;
			buildConfigurationList = 437C833D297271A400F886FB /* Build configuration list for PBXNativeTarget "D-DAYTests" */;
			buildPhases = (
				437C8322297271A400F886FB /* Sources */,
				437C8323297271A400F886FB /* Frameworks */,
				437C8324297271A400F886FB /* Resources */,
			);
			buildRules = (
			);
			dependencies = (
				437C8328297271A400F886FB /* PBXTargetDependency */,
			);
			name = "D-DAYTests";
			productName = "D-DAYTests";
			productReference = 437C8326297271A400F886FB /* D-DAYTests.xctest */;
			productType = "com.apple.product-type.bundle.unit-test";
		};
		437C832F297271A400F886FB /* D-DAYUITests */ = {
			isa = PBXNativeTarget;
			buildConfigurationList = 437C8340297271A400F886FB /* Build configuration list for PBXNativeTarget "D-DAYUITests" */;
			buildPhases = (
				437C832C297271A400F886FB /* Sources */,
				437C832D297271A400F886FB /* Frameworks */,
				437C832E297271A400F886FB /* Resources */,
			);
			buildRules = (
			);
			dependencies = (
				437C8332297271A400F886FB /* PBXTargetDependency */,
			);
			name = "D-DAYUITests";
			productName = "D-DAYUITests";
			productReference = 437C8330297271A400F886FB /* D-DAYUITests.xctest */;
			productType = "com.apple.product-type.bundle.ui-testing";
		};
		B3C356002994F67600CA01EE /* D-DAYWidgetExtension */ = {
			isa = PBXNativeTarget;
			buildConfigurationList = B3C356142994F67700CA01EE /* Build configuration list for PBXNativeTarget "D-DAYWidgetExtension" */;
			buildPhases = (
				B3C355FD2994F67600CA01EE /* Sources */,
				B3C355FE2994F67600CA01EE /* Frameworks */,
				B3C355FF2994F67600CA01EE /* Resources */,
			);
			buildRules = (
			);
			dependencies = (
			);
			name = "D-DAYWidgetExtension";
			productName = "D-DAYWidgetExtension";
			productReference = B3C356012994F67600CA01EE /* D-DAYWidgetExtension.appex */;
			productType = "com.apple.product-type.app-extension";
		};
/* End PBXNativeTarget section */

/* Begin PBXProject section */
		437C83082972719C00F886FB /* Project object */ = {
			isa = PBXProject;
			attributes = {
				BuildIndependentTargetsInParallel = 1;
				LastSwiftUpdateCheck = 1420;
				LastUpgradeCheck = 1410;
				TargetAttributes = {
					437C830F2972719C00F886FB = {
						CreatedOnToolsVersion = 14.1;
					};
					437C8325297271A400F886FB = {
						CreatedOnToolsVersion = 14.1;
						TestTargetID = 437C830F2972719C00F886FB;
					};
					437C832F297271A400F886FB = {
						CreatedOnToolsVersion = 14.1;
						TestTargetID = 437C830F2972719C00F886FB;
					};
					B3C356002994F67600CA01EE = {
						CreatedOnToolsVersion = 14.2;
					};
				};
			};
			buildConfigurationList = 437C830B2972719C00F886FB /* Build configuration list for PBXProject "D-DAY" */;
			compatibilityVersion = "Xcode 14.0";
			developmentRegion = en;
			hasScannedForEncodings = 0;
			knownRegions = (
				en,
				Base,
			);
			mainGroup = 437C83072972719C00F886FB;
			productRefGroup = 437C83112972719C00F886FB /* Products */;
			projectDirPath = "";
			projectRoot = "";
			targets = (
				437C830F2972719C00F886FB /* D-DAY */,
				437C8325297271A400F886FB /* D-DAYTests */,
				437C832F297271A400F886FB /* D-DAYUITests */,
				B3C356002994F67600CA01EE /* D-DAYWidgetExtension */,
			);
		};
/* End PBXProject section */

/* Begin PBXResourcesBuildPhase section */
		437C830E2972719C00F886FB /* Resources */ = {
			isa = PBXResourcesBuildPhase;
			buildActionMask = 2147483647;
			files = (
				43998A4629A517C20001BC11 /* Main.storyboard in Resources */,
				B349285E2977DD920009C901 /* ModalAdd.storyboard in Resources */,
				B349285C2977DD850009C901 /* MainEdit.storyboard in Resources */,
				43A612012984E02400219C7C /* LaunchScreen.storyboard in Resources */,
				437C831D297271A200F886FB /* Assets.xcassets in Resources */,
				B38A4767298D0F180088DC56 /* Inter-ExtraBold.otf in Resources */,
				B38A475F2986A57F0088DC56 /* Inter-Bold.otf in Resources */,
				4304BC3A2988F8C6003168BE /* DDAYCell.xib in Resources */,
				B38A4765298CDC3A0088DC56 /* Inter-Medium.otf in Resources */,
			);
			runOnlyForDeploymentPostprocessing = 0;
		};
		437C8324297271A400F886FB /* Resources */ = {
			isa = PBXResourcesBuildPhase;
			buildActionMask = 2147483647;
			files = (
			);
			runOnlyForDeploymentPostprocessing = 0;
		};
		437C832E297271A400F886FB /* Resources */ = {
			isa = PBXResourcesBuildPhase;
			buildActionMask = 2147483647;
			files = (
			);
			runOnlyForDeploymentPostprocessing = 0;
		};
		B3C355FF2994F67600CA01EE /* Resources */ = {
			isa = PBXResourcesBuildPhase;
			buildActionMask = 2147483647;
			files = (
				B3C3560B2994F67700CA01EE /* Assets.xcassets in Resources */,
			);
			runOnlyForDeploymentPostprocessing = 0;
		};
/* End PBXResourcesBuildPhase section */

/* Begin PBXSourcesBuildPhase section */
		437C830C2972719C00F886FB /* Sources */ = {
			isa = PBXSourcesBuildPhase;
			buildActionMask = 2147483647;
			files = (
				B3C3560E2994F67700CA01EE /* D_DAYWidget.intentdefinition in Sources */,
				437C83182972719C00F886FB /* ViewController.swift in Sources */,
				B30B8C3B297BE15A00F8813B /* ColorWellCell.swift in Sources */,
				4304BC382988F8C1003168BE /* DDAYCell.swift in Sources */,
				437C83142972719C00F886FB /* AppDelegate.swift in Sources */,
				B39BBFCD297A7FA3001D408A /* ModalAddMultiSection.swift in Sources */,
				B34928602977DD980009C901 /* AddViewController.swift in Sources */,
				4323CD5C29A330E3008B75A8 /* EditViewController.swift in Sources */,
				437C83162972719C00F886FB /* SceneDelegate.swift in Sources */,
				B38A4763298B9B250088DC56 /* DdayInfo.swift in Sources */,
				B39BBFCF297A85DC001D408A /* DatePickerCell.swift in Sources */,
				4323CD5929A32FCC008B75A8 /* DdayInfo.swift in Sources */,
				B39BBFD1297A8609001D408A /* TextFieldCell.swift in Sources */,
				B38A476129875CA00088DC56 /* Color.swift in Sources */,
				4338D54B298945D100AB3F54 /* UserDefaultsExtension.swift in Sources */,
			);
			runOnlyForDeploymentPostprocessing = 0;
		};
		437C8322297271A400F886FB /* Sources */ = {
			isa = PBXSourcesBuildPhase;
			buildActionMask = 2147483647;
			files = (
				437C832B297271A400F886FB /* D_DAYTests.swift in Sources */,
			);
			runOnlyForDeploymentPostprocessing = 0;
		};
		437C832C297271A400F886FB /* Sources */ = {
			isa = PBXSourcesBuildPhase;
			buildActionMask = 2147483647;
			files = (
				437C8337297271A400F886FB /* D_DAYUITestsLaunchTests.swift in Sources */,
				437C8335297271A400F886FB /* D_DAYUITests.swift in Sources */,
			);
			runOnlyForDeploymentPostprocessing = 0;
		};
		B3C355FD2994F67600CA01EE /* Sources */ = {
			isa = PBXSourcesBuildPhase;
			buildActionMask = 2147483647;
			files = (
				B3C3560D2994F67700CA01EE /* D_DAYWidget.intentdefinition in Sources */,
				B3C356062994F67600CA01EE /* D_DAYWidgetBundle.swift in Sources */,
				B3C356082994F67600CA01EE /* D_DAYWidget.swift in Sources */,
			);
			runOnlyForDeploymentPostprocessing = 0;
		};
/* End PBXSourcesBuildPhase section */

/* Begin PBXTargetDependency section */
		437C8328297271A400F886FB /* PBXTargetDependency */ = {
			isa = PBXTargetDependency;
			target = 437C830F2972719C00F886FB /* D-DAY */;
			targetProxy = 437C8327297271A400F886FB /* PBXContainerItemProxy */;
		};
		437C8332297271A400F886FB /* PBXTargetDependency */ = {
			isa = PBXTargetDependency;
			target = 437C830F2972719C00F886FB /* D-DAY */;
			targetProxy = 437C8331297271A400F886FB /* PBXContainerItemProxy */;
		};
		B3C356102994F67700CA01EE /* PBXTargetDependency */ = {
			isa = PBXTargetDependency;
			target = B3C356002994F67600CA01EE /* D-DAYWidgetExtension */;
			targetProxy = B3C3560F2994F67700CA01EE /* PBXContainerItemProxy */;
		};
/* End PBXTargetDependency section */

/* Begin XCBuildConfiguration section */
		437C8338297271A400F886FB /* Debug */ = {
			isa = XCBuildConfiguration;
			buildSettings = {
				ALWAYS_SEARCH_USER_PATHS = NO;
				CLANG_ANALYZER_NONNULL = YES;
				CLANG_ANALYZER_NUMBER_OBJECT_CONVERSION = YES_AGGRESSIVE;
				CLANG_CXX_LANGUAGE_STANDARD = "gnu++20";
				CLANG_ENABLE_MODULES = YES;
				CLANG_ENABLE_OBJC_ARC = YES;
				CLANG_ENABLE_OBJC_WEAK = YES;
				CLANG_WARN_BLOCK_CAPTURE_AUTORELEASING = YES;
				CLANG_WARN_BOOL_CONVERSION = YES;
				CLANG_WARN_COMMA = YES;
				CLANG_WARN_CONSTANT_CONVERSION = YES;
				CLANG_WARN_DEPRECATED_OBJC_IMPLEMENTATIONS = YES;
				CLANG_WARN_DIRECT_OBJC_ISA_USAGE = YES_ERROR;
				CLANG_WARN_DOCUMENTATION_COMMENTS = YES;
				CLANG_WARN_EMPTY_BODY = YES;
				CLANG_WARN_ENUM_CONVERSION = YES;
				CLANG_WARN_INFINITE_RECURSION = YES;
				CLANG_WARN_INT_CONVERSION = YES;
				CLANG_WARN_NON_LITERAL_NULL_CONVERSION = YES;
				CLANG_WARN_OBJC_IMPLICIT_RETAIN_SELF = YES;
				CLANG_WARN_OBJC_LITERAL_CONVERSION = YES;
				CLANG_WARN_OBJC_ROOT_CLASS = YES_ERROR;
				CLANG_WARN_QUOTED_INCLUDE_IN_FRAMEWORK_HEADER = YES;
				CLANG_WARN_RANGE_LOOP_ANALYSIS = YES;
				CLANG_WARN_STRICT_PROTOTYPES = YES;
				CLANG_WARN_SUSPICIOUS_MOVE = YES;
				CLANG_WARN_UNGUARDED_AVAILABILITY = YES_AGGRESSIVE;
				CLANG_WARN_UNREACHABLE_CODE = YES;
				CLANG_WARN__DUPLICATE_METHOD_MATCH = YES;
				COPY_PHASE_STRIP = NO;
				DEBUG_INFORMATION_FORMAT = dwarf;
				ENABLE_STRICT_OBJC_MSGSEND = YES;
				ENABLE_TESTABILITY = YES;
				GCC_C_LANGUAGE_STANDARD = gnu11;
				GCC_DYNAMIC_NO_PIC = NO;
				GCC_NO_COMMON_BLOCKS = YES;
				GCC_OPTIMIZATION_LEVEL = 0;
				GCC_PREPROCESSOR_DEFINITIONS = (
					"DEBUG=1",
					"$(inherited)",
				);
				GCC_WARN_64_TO_32_BIT_CONVERSION = YES;
				GCC_WARN_ABOUT_RETURN_TYPE = YES_ERROR;
				GCC_WARN_UNDECLARED_SELECTOR = YES;
				GCC_WARN_UNINITIALIZED_AUTOS = YES_AGGRESSIVE;
				GCC_WARN_UNUSED_FUNCTION = YES;
				GCC_WARN_UNUSED_VARIABLE = YES;
				IPHONEOS_DEPLOYMENT_TARGET = 16.1;
				MTL_ENABLE_DEBUG_INFO = INCLUDE_SOURCE;
				MTL_FAST_MATH = YES;
				ONLY_ACTIVE_ARCH = YES;
				SDKROOT = iphoneos;
				SWIFT_ACTIVE_COMPILATION_CONDITIONS = DEBUG;
				SWIFT_OPTIMIZATION_LEVEL = "-Onone";
			};
			name = Debug;
		};
		437C8339297271A400F886FB /* Release */ = {
			isa = XCBuildConfiguration;
			buildSettings = {
				ALWAYS_SEARCH_USER_PATHS = NO;
				CLANG_ANALYZER_NONNULL = YES;
				CLANG_ANALYZER_NUMBER_OBJECT_CONVERSION = YES_AGGRESSIVE;
				CLANG_CXX_LANGUAGE_STANDARD = "gnu++20";
				CLANG_ENABLE_MODULES = YES;
				CLANG_ENABLE_OBJC_ARC = YES;
				CLANG_ENABLE_OBJC_WEAK = YES;
				CLANG_WARN_BLOCK_CAPTURE_AUTORELEASING = YES;
				CLANG_WARN_BOOL_CONVERSION = YES;
				CLANG_WARN_COMMA = YES;
				CLANG_WARN_CONSTANT_CONVERSION = YES;
				CLANG_WARN_DEPRECATED_OBJC_IMPLEMENTATIONS = YES;
				CLANG_WARN_DIRECT_OBJC_ISA_USAGE = YES_ERROR;
				CLANG_WARN_DOCUMENTATION_COMMENTS = YES;
				CLANG_WARN_EMPTY_BODY = YES;
				CLANG_WARN_ENUM_CONVERSION = YES;
				CLANG_WARN_INFINITE_RECURSION = YES;
				CLANG_WARN_INT_CONVERSION = YES;
				CLANG_WARN_NON_LITERAL_NULL_CONVERSION = YES;
				CLANG_WARN_OBJC_IMPLICIT_RETAIN_SELF = YES;
				CLANG_WARN_OBJC_LITERAL_CONVERSION = YES;
				CLANG_WARN_OBJC_ROOT_CLASS = YES_ERROR;
				CLANG_WARN_QUOTED_INCLUDE_IN_FRAMEWORK_HEADER = YES;
				CLANG_WARN_RANGE_LOOP_ANALYSIS = YES;
				CLANG_WARN_STRICT_PROTOTYPES = YES;
				CLANG_WARN_SUSPICIOUS_MOVE = YES;
				CLANG_WARN_UNGUARDED_AVAILABILITY = YES_AGGRESSIVE;
				CLANG_WARN_UNREACHABLE_CODE = YES;
				CLANG_WARN__DUPLICATE_METHOD_MATCH = YES;
				COPY_PHASE_STRIP = NO;
				DEBUG_INFORMATION_FORMAT = "dwarf-with-dsym";
				ENABLE_NS_ASSERTIONS = NO;
				ENABLE_STRICT_OBJC_MSGSEND = YES;
				GCC_C_LANGUAGE_STANDARD = gnu11;
				GCC_NO_COMMON_BLOCKS = YES;
				GCC_WARN_64_TO_32_BIT_CONVERSION = YES;
				GCC_WARN_ABOUT_RETURN_TYPE = YES_ERROR;
				GCC_WARN_UNDECLARED_SELECTOR = YES;
				GCC_WARN_UNINITIALIZED_AUTOS = YES_AGGRESSIVE;
				GCC_WARN_UNUSED_FUNCTION = YES;
				GCC_WARN_UNUSED_VARIABLE = YES;
				IPHONEOS_DEPLOYMENT_TARGET = 16.1;
				MTL_ENABLE_DEBUG_INFO = NO;
				MTL_FAST_MATH = YES;
				SDKROOT = iphoneos;
				SWIFT_COMPILATION_MODE = wholemodule;
				SWIFT_OPTIMIZATION_LEVEL = "-O";
				VALIDATE_PRODUCT = YES;
			};
			name = Release;
		};
		437C833B297271A400F886FB /* Debug */ = {
			isa = XCBuildConfiguration;
			buildSettings = {
				ALWAYS_EMBED_SWIFT_STANDARD_LIBRARIES = YES;
				ASSETCATALOG_COMPILER_APPICON_NAME = AppIcon;
				ASSETCATALOG_COMPILER_GLOBAL_ACCENT_COLOR_NAME = AccentColor;
				CODE_SIGN_ENTITLEMENTS = "D-DAY/D-DAY.entitlements";
				CODE_SIGN_STYLE = Automatic;
				CURRENT_PROJECT_VERSION = 1;
				DEVELOPMENT_TEAM = MA5KYZD992;
				GENERATE_INFOPLIST_FILE = YES;
				INFOPLIST_FILE = "D-DAY/Info.plist";
				INFOPLIST_KEY_UIApplicationSupportsIndirectInputEvents = YES;
				INFOPLIST_KEY_UILaunchStoryboardName = LaunchScreen;
				INFOPLIST_KEY_UIMainStoryboardFile = Main;
				INFOPLIST_KEY_UISupportedInterfaceOrientations_iPad = "UIInterfaceOrientationPortrait UIInterfaceOrientationPortraitUpsideDown UIInterfaceOrientationLandscapeLeft UIInterfaceOrientationLandscapeRight";
				INFOPLIST_KEY_UISupportedInterfaceOrientations_iPhone = "UIInterfaceOrientationPortrait UIInterfaceOrientationLandscapeLeft UIInterfaceOrientationLandscapeRight";
				LD_RUNPATH_SEARCH_PATHS = (
					"$(inherited)",
					"@executable_path/Frameworks",
				);
				MARKETING_VERSION = 1.0;
				PRODUCT_BUNDLE_IDENTIFIER = "com.dday.D-Day.D-DAY";
				PRODUCT_NAME = "$(TARGET_NAME)";
				SWIFT_EMIT_LOC_STRINGS = YES;
				SWIFT_VERSION = 5.0;
				TARGETED_DEVICE_FAMILY = "1,2";
			};
			name = Debug;
		};
		437C833C297271A400F886FB /* Release */ = {
			isa = XCBuildConfiguration;
			buildSettings = {
				ALWAYS_EMBED_SWIFT_STANDARD_LIBRARIES = YES;
				ASSETCATALOG_COMPILER_APPICON_NAME = AppIcon;
				ASSETCATALOG_COMPILER_GLOBAL_ACCENT_COLOR_NAME = AccentColor;
				CODE_SIGN_ENTITLEMENTS = "D-DAY/D-DAY.entitlements";
				CODE_SIGN_STYLE = Automatic;
				CURRENT_PROJECT_VERSION = 1;
				DEVELOPMENT_TEAM = MA5KYZD992;
				GENERATE_INFOPLIST_FILE = YES;
				INFOPLIST_FILE = "D-DAY/Info.plist";
				INFOPLIST_KEY_UIApplicationSupportsIndirectInputEvents = YES;
				INFOPLIST_KEY_UILaunchStoryboardName = LaunchScreen;
				INFOPLIST_KEY_UIMainStoryboardFile = Main;
				INFOPLIST_KEY_UISupportedInterfaceOrientations_iPad = "UIInterfaceOrientationPortrait UIInterfaceOrientationPortraitUpsideDown UIInterfaceOrientationLandscapeLeft UIInterfaceOrientationLandscapeRight";
				INFOPLIST_KEY_UISupportedInterfaceOrientations_iPhone = "UIInterfaceOrientationPortrait UIInterfaceOrientationLandscapeLeft UIInterfaceOrientationLandscapeRight";
				LD_RUNPATH_SEARCH_PATHS = (
					"$(inherited)",
					"@executable_path/Frameworks",
				);
				MARKETING_VERSION = 1.0;
				PRODUCT_BUNDLE_IDENTIFIER = "com.dday.D-Day.D-DAY";
				PRODUCT_NAME = "$(TARGET_NAME)";
				SWIFT_EMIT_LOC_STRINGS = YES;
				SWIFT_VERSION = 5.0;
				TARGETED_DEVICE_FAMILY = "1,2";
			};
			name = Release;
		};
		437C833E297271A400F886FB /* Debug */ = {
			isa = XCBuildConfiguration;
			buildSettings = {
				ALWAYS_EMBED_SWIFT_STANDARD_LIBRARIES = YES;
				BUNDLE_LOADER = "$(TEST_HOST)";
				CODE_SIGN_STYLE = Automatic;
				CURRENT_PROJECT_VERSION = 1;
				DEVELOPMENT_TEAM = MA5KYZD992;
				GENERATE_INFOPLIST_FILE = YES;
				IPHONEOS_DEPLOYMENT_TARGET = 16.1;
				MARKETING_VERSION = 1.0;
				PRODUCT_BUNDLE_IDENTIFIER = "com.dday.D-Day.D-DAYTests";
				PRODUCT_NAME = "$(TARGET_NAME)";
				SWIFT_EMIT_LOC_STRINGS = NO;
				SWIFT_VERSION = 5.0;
				TARGETED_DEVICE_FAMILY = "1,2";
				TEST_HOST = "$(BUILT_PRODUCTS_DIR)/D-DAY.app/$(BUNDLE_EXECUTABLE_FOLDER_PATH)/D-DAY";
			};
			name = Debug;
		};
		437C833F297271A400F886FB /* Release */ = {
			isa = XCBuildConfiguration;
			buildSettings = {
				ALWAYS_EMBED_SWIFT_STANDARD_LIBRARIES = YES;
				BUNDLE_LOADER = "$(TEST_HOST)";
				CODE_SIGN_STYLE = Automatic;
				CURRENT_PROJECT_VERSION = 1;
				DEVELOPMENT_TEAM = MA5KYZD992;
				GENERATE_INFOPLIST_FILE = YES;
				IPHONEOS_DEPLOYMENT_TARGET = 16.1;
				MARKETING_VERSION = 1.0;
				PRODUCT_BUNDLE_IDENTIFIER = "com.dday.D-Day.D-DAYTests";
				PRODUCT_NAME = "$(TARGET_NAME)";
				SWIFT_EMIT_LOC_STRINGS = NO;
				SWIFT_VERSION = 5.0;
				TARGETED_DEVICE_FAMILY = "1,2";
				TEST_HOST = "$(BUILT_PRODUCTS_DIR)/D-DAY.app/$(BUNDLE_EXECUTABLE_FOLDER_PATH)/D-DAY";
			};
			name = Release;
		};
		437C8341297271A400F886FB /* Debug */ = {
			isa = XCBuildConfiguration;
			buildSettings = {
				ALWAYS_EMBED_SWIFT_STANDARD_LIBRARIES = YES;
				CODE_SIGN_STYLE = Automatic;
				CURRENT_PROJECT_VERSION = 1;
				DEVELOPMENT_TEAM = MA5KYZD992;
				GENERATE_INFOPLIST_FILE = YES;
				MARKETING_VERSION = 1.0;
				PRODUCT_BUNDLE_IDENTIFIER = "com.dday.D-Day.D-DAYUITests";
				PRODUCT_NAME = "$(TARGET_NAME)";
				SWIFT_EMIT_LOC_STRINGS = NO;
				SWIFT_VERSION = 5.0;
				TARGETED_DEVICE_FAMILY = "1,2";
				TEST_TARGET_NAME = "D-DAY";
			};
			name = Debug;
		};
		437C8342297271A400F886FB /* Release */ = {
			isa = XCBuildConfiguration;
			buildSettings = {
				ALWAYS_EMBED_SWIFT_STANDARD_LIBRARIES = YES;
				CODE_SIGN_STYLE = Automatic;
				CURRENT_PROJECT_VERSION = 1;
				DEVELOPMENT_TEAM = MA5KYZD992;
				GENERATE_INFOPLIST_FILE = YES;
				MARKETING_VERSION = 1.0;
				PRODUCT_BUNDLE_IDENTIFIER = "com.dday.D-Day.D-DAYUITests";
				PRODUCT_NAME = "$(TARGET_NAME)";
				SWIFT_EMIT_LOC_STRINGS = NO;
				SWIFT_VERSION = 5.0;
				TARGETED_DEVICE_FAMILY = "1,2";
				TEST_TARGET_NAME = "D-DAY";
			};
			name = Release;
		};
		B3C356122994F67700CA01EE /* Debug */ = {
			isa = XCBuildConfiguration;
			buildSettings = {
				ASSETCATALOG_COMPILER_GLOBAL_ACCENT_COLOR_NAME = AccentColor;
				ASSETCATALOG_COMPILER_WIDGET_BACKGROUND_COLOR_NAME = WidgetBackground;
				CODE_SIGN_STYLE = Automatic;
				CURRENT_PROJECT_VERSION = 1;
				DEVELOPMENT_TEAM = MA5KYZD992;
				GENERATE_INFOPLIST_FILE = YES;
				INFOPLIST_FILE = "D-DAYWidget/Info.plist";
				INFOPLIST_KEY_CFBundleDisplayName = "D-DAYWidget";
				INFOPLIST_KEY_NSHumanReadableCopyright = "";
				IPHONEOS_DEPLOYMENT_TARGET = 16.2;
				LD_RUNPATH_SEARCH_PATHS = (
					"$(inherited)",
					"@executable_path/Frameworks",
					"@executable_path/../../Frameworks",
				);
				MARKETING_VERSION = 1.0;
				PRODUCT_BUNDLE_IDENTIFIER = "com.dday.D-Day.D-DAY.D-DAYWidget";
				PRODUCT_NAME = "$(TARGET_NAME)";
				SKIP_INSTALL = YES;
				SWIFT_EMIT_LOC_STRINGS = YES;
				SWIFT_VERSION = 5.0;
				TARGETED_DEVICE_FAMILY = "1,2";
			};
			name = Debug;
		};
		B3C356132994F67700CA01EE /* Release */ = {
			isa = XCBuildConfiguration;
			buildSettings = {
				ASSETCATALOG_COMPILER_GLOBAL_ACCENT_COLOR_NAME = AccentColor;
				ASSETCATALOG_COMPILER_WIDGET_BACKGROUND_COLOR_NAME = WidgetBackground;
				CODE_SIGN_STYLE = Automatic;
				CURRENT_PROJECT_VERSION = 1;
				DEVELOPMENT_TEAM = MA5KYZD992;
				GENERATE_INFOPLIST_FILE = YES;
				INFOPLIST_FILE = "D-DAYWidget/Info.plist";
				INFOPLIST_KEY_CFBundleDisplayName = "D-DAYWidget";
				INFOPLIST_KEY_NSHumanReadableCopyright = "";
				IPHONEOS_DEPLOYMENT_TARGET = 16.2;
				LD_RUNPATH_SEARCH_PATHS = (
					"$(inherited)",
					"@executable_path/Frameworks",
					"@executable_path/../../Frameworks",
				);
				MARKETING_VERSION = 1.0;
				PRODUCT_BUNDLE_IDENTIFIER = "com.dday.D-Day.D-DAY.D-DAYWidget";
				PRODUCT_NAME = "$(TARGET_NAME)";
				SKIP_INSTALL = YES;
				SWIFT_EMIT_LOC_STRINGS = YES;
				SWIFT_VERSION = 5.0;
				TARGETED_DEVICE_FAMILY = "1,2";
			};
			name = Release;
		};
/* End XCBuildConfiguration section */

/* Begin XCConfigurationList section */
		437C830B2972719C00F886FB /* Build configuration list for PBXProject "D-DAY" */ = {
			isa = XCConfigurationList;
			buildConfigurations = (
				437C8338297271A400F886FB /* Debug */,
				437C8339297271A400F886FB /* Release */,
			);
			defaultConfigurationIsVisible = 0;
			defaultConfigurationName = Release;
		};
		437C833A297271A400F886FB /* Build configuration list for PBXNativeTarget "D-DAY" */ = {
			isa = XCConfigurationList;
			buildConfigurations = (
				437C833B297271A400F886FB /* Debug */,
				437C833C297271A400F886FB /* Release */,
			);
			defaultConfigurationIsVisible = 0;
			defaultConfigurationName = Release;
		};
		437C833D297271A400F886FB /* Build configuration list for PBXNativeTarget "D-DAYTests" */ = {
			isa = XCConfigurationList;
			buildConfigurations = (
				437C833E297271A400F886FB /* Debug */,
				437C833F297271A400F886FB /* Release */,
			);
			defaultConfigurationIsVisible = 0;
			defaultConfigurationName = Release;
		};
		437C8340297271A400F886FB /* Build configuration list for PBXNativeTarget "D-DAYUITests" */ = {
			isa = XCConfigurationList;
			buildConfigurations = (
				437C8341297271A400F886FB /* Debug */,
				437C8342297271A400F886FB /* Release */,
			);
			defaultConfigurationIsVisible = 0;
			defaultConfigurationName = Release;
		};
		B3C356142994F67700CA01EE /* Build configuration list for PBXNativeTarget "D-DAYWidgetExtension" */ = {
			isa = XCConfigurationList;
			buildConfigurations = (
				B3C356122994F67700CA01EE /* Debug */,
				B3C356132994F67700CA01EE /* Release */,
			);
			defaultConfigurationIsVisible = 0;
			defaultConfigurationName = Release;
		};
/* End XCConfigurationList section */
	};
	rootObject = 437C83082972719C00F886FB /* Project object */;
}
